	<Project xmlns="http://schemas.microsoft.com/developer/msbuild/2003">
		<PropertyGroup>
			<ProjectGuid>{970d5505-21b3-421c-b872-3a3f4fec8241}</ProjectGuid>
			<MainSource>land.dpr</MainSource>
			<Configuration Condition=" '$(Configuration)' == '' ">Release</Configuration>
			<DCC_DCCCompiler>DCC32</DCC_DCCCompiler>
			<DCC_DependencyCheckOutputName>Z:\CAST2\DEMOS\land\land.exe</DCC_DependencyCheckOutputName>
			<ProjectVersion>12.2</ProjectVersion>
			<Base>True</Base>
			<Config Condition="'$(Config)'==''">Release</Config>
			<Platform>Win32</Platform>
			<AppType>Console</AppType>
			<FrameworkType>None</FrameworkType>
		</PropertyGroup>
		<PropertyGroup Condition="'$(Config)'=='Base' or '$(Base)'!=''">
			<Base>true</Base>
		</PropertyGroup>
		<PropertyGroup Condition="'$(Config)'=='Release' or '$(Cfg_1)'!=''">
			<Cfg_1>true</Cfg_1>
			<CfgParent>Base</CfgParent>
			<Base>true</Base>
		</PropertyGroup>
		<PropertyGroup Condition="'$(Config)'=='Debug' or '$(Cfg_2)'!=''">
			<Cfg_2>true</Cfg_2>
			<CfgParent>Base</CfgParent>
			<Base>true</Base>
		</PropertyGroup>
		<PropertyGroup Condition="'$(Base)'!=''">
			<DCC_UnitAlias>WinTypes=Windows;WinProcs=Windows;DbiTypes=BDE;DbiProcs=BDE;DbiErrs=BDE;$(DCC_UnitAlias)</DCC_UnitAlias>
		</PropertyGroup>
		<PropertyGroup Condition="'$(Cfg_1)'!=''">
			<Version>7.0</Version>
			<DCC_DebugInformation>False</DCC_DebugInformation>
			<DCC_LocalDebugSymbols>False</DCC_LocalDebugSymbols>
			<DCC_SymbolReferenceInfo>0</DCC_SymbolReferenceInfo>
			<DCC_ExeOutput>Z:\CAST2\DEMOS\land</DCC_ExeOutput>
			<DCC_UnitSearchPath>Z:\source\units\cast2;Z:\source\units\acs;Z:\source\units\dx8;Z:\source\units\OPENGL;Z:\source\units\vcl;Z:\source\units\oberon;$(DCC_UnitSearchPath)</DCC_UnitSearchPath>
			<DCC_ResourcePath>Z:\source\units\cast2;Z:\source\units\acs;Z:\source\units\dx8;Z:\source\units\OPENGL;Z:\source\units\vcl;Z:\source\units\oberon;$(DCC_ResourcePath)</DCC_ResourcePath>
			<DCC_ObjPath>Z:\source\units\cast2;Z:\source\units\acs;Z:\source\units\dx8;Z:\source\units\OPENGL;Z:\source\units\vcl;Z:\source\units\oberon;$(DCC_ObjPath)</DCC_ObjPath>
			<DCC_IncludePath>Z:\source\units\cast2;Z:\source\units\acs;Z:\source\units\dx8;Z:\source\units\OPENGL;Z:\source\units\vcl;Z:\source\units\oberon;$(DCC_IncludePath)</DCC_IncludePath>
			<DCC_Define>RELEASE;$(DCC_Define)</DCC_Define>
		</PropertyGroup>
		<PropertyGroup Condition="'$(Cfg_2)'!=''">
			<Version>7.0</Version>
			<DCC_SymbolReferenceInfo>2</DCC_SymbolReferenceInfo>
			<DCC_ExeOutput>Z:\CAST2\DEMOS\land</DCC_ExeOutput>
			<DCC_UnitSearchPath>Z:\source\units\cast2;Z:\source\units\acs;Z:\source\units\dx8;Z:\source\units\OPENGL;Z:\source\units\vcl;Z:\source\units\oberon;$(DCC_UnitSearchPath)</DCC_UnitSearchPath>
			<DCC_ResourcePath>Z:\source\units\cast2;Z:\source\units\acs;Z:\source\units\dx8;Z:\source\units\OPENGL;Z:\source\units\vcl;Z:\source\units\oberon;$(DCC_ResourcePath)</DCC_ResourcePath>
			<DCC_ObjPath>Z:\source\units\cast2;Z:\source\units\acs;Z:\source\units\dx8;Z:\source\units\OPENGL;Z:\source\units\vcl;Z:\source\units\oberon;$(DCC_ObjPath)</DCC_ObjPath>
			<DCC_IncludePath>Z:\source\units\cast2;Z:\source\units\acs;Z:\source\units\dx8;Z:\source\units\OPENGL;Z:\source\units\vcl;Z:\source\units\oberon;$(DCC_IncludePath)</DCC_IncludePath>
			<DCC_Define>DEBUG;$(DCC_Define)</DCC_Define>
			<DCC_Optimize>False</DCC_Optimize>
			<DCC_IntegerOverflowCheck>True</DCC_IntegerOverflowCheck>
			<DCC_RangeChecking>True</DCC_RangeChecking>
		</PropertyGroup>
		<ProjectExtensions>
			<Borland.Personality>Delphi.Personality.12</Borland.Personality>
			<Borland.ProjectType>VCLApplication</Borland.ProjectType>
			<BorlandProject>
				<Delphi.Personality>
					<Parameters/>
					<VersionInfo>
						<VersionInfo Name="IncludeVerInfo">False</VersionInfo>
						<VersionInfo Name="AutoIncBuild">False</VersionInfo>
						<VersionInfo Name="MajorVer">1</VersionInfo>
						<VersionInfo Name="MinorVer">0</VersionInfo>
						<VersionInfo Name="Release">0</VersionInfo>
						<VersionInfo Name="Build">0</VersionInfo>
						<VersionInfo Name="Debug">False</VersionInfo>
						<VersionInfo Name="PreRelease">False</VersionInfo>
						<VersionInfo Name="Special">False</VersionInfo>
						<VersionInfo Name="Private">False</VersionInfo>
						<VersionInfo Name="DLL">False</VersionInfo>
						<VersionInfo Name="Locale">1049</VersionInfo>
						<VersionInfo Name="CodePage">1251</VersionInfo>
					</VersionInfo>
					<VersionInfoKeys>
						<VersionInfoKeys Name="CompanyName"/>
						<VersionInfoKeys Name="FileDescription"/>
						<VersionInfoKeys Name="FileVersion">1.0.0.0</VersionInfoKeys>
						<VersionInfoKeys Name="InternalName"/>
						<VersionInfoKeys Name="LegalCopyright"/>
						<VersionInfoKeys Name="LegalTrademarks"/>
						<VersionInfoKeys Name="OriginalFilename"/>
						<VersionInfoKeys Name="ProductName"/>
						<VersionInfoKeys Name="ProductVersion">1.0.0.0</VersionInfoKeys>
						<VersionInfoKeys Name="Comments"/>
					</VersionInfoKeys>
					<Source>
						<Source Name="MainSource">land.dpr</Source>
					</Source>
				</Delphi.Personality>
				<Platforms>
					<Platform value="Win32">True</Platform>
				</Platforms>
			</BorlandProject>
			<ProjectFileVersion>12</ProjectFileVersion>
		</ProjectExtensions>
		<ItemGroup>
			<DelphiCompile Include="land.dpr">
				<MainSource>MainSource</MainSource>
			</DelphiCompile>
			<BuildConfiguration Include="Debug">
				<Key>Cfg_2</Key>
				<CfgParent>Base</CfgParent>
			</BuildConfiguration>
			<BuildConfiguration Include="Base">
				<Key>Base</Key>
			</BuildConfiguration>
			<BuildConfiguration Include="Release">
				<Key>Cfg_1</Key>
				<CfgParent>Base</CfgParent>
			</BuildConfiguration>
		</ItemGroup>
		<Import Condition="Exists('$(BDS)\Bin\CodeGear.Delphi.Targets')" Project="$(BDS)\Bin\CodeGear.Delphi.Targets"/>
		<Import Condition="Exists('$(APPDATA)\Embarcadero\$(BDSAPPDATABASEDIR)\8.0\UserTools.proj')" Project="$(APPDATA)\Embarcadero\$(BDSAPPDATABASEDIR)\8.0\UserTools.proj"/>
	</Project>
